{
  "name": "@types/nightingale",
  "version": "1.0.0",
  "lockfileVersion": 1,
  "requires": true,
  "dependencies": {
    "lit-element": {
      "version": "2.4.0",
      "resolved": "https://registry.npmjs.org/lit-element/-/lit-element-2.4.0.tgz",
      "integrity": "sha512-pBGLglxyhq/Prk2H91nA0KByq/hx/wssJBQFiYqXhGDvEnY31PRGYf1RglVzyLeRysu0IHm2K0P196uLLWmwFg==",
      "requires": {
        "lit-html": "^1.1.1"
      }
    },
    "lit-html": {
      "version": "1.3.0",
      "resolved": "https://registry.npmjs.org/lit-html/-/lit-html-1.3.0.tgz",
      "integrity": "sha512-0Q1bwmaFH9O14vycPHw8C/IeHMk/uSDldVLIefu/kfbTBGIc44KGH6A8p1bDfxUfHdc8q6Ct7kQklWoHgr4t1Q=="
    },
    "lodash-es": {
      "version": "4.17.21",
      "resolved": "https://registry.npmjs.org/lodash-es/-/lodash-es-4.17.21.tgz",
      "integrity": "sha512-mKnC+QJ9pWVzv+C4/U3rRsHapFfHvQFoFB92e52xeyGMcX6/OlIl78je1u8vePzYZSkkogMPJ2yjxxsb89cxyw=="
    },
    "protvista-feature-adapter": {
      "version": "3.2.1",
      "resolved": "https://registry.npmjs.org/protvista-feature-adapter/-/protvista-feature-adapter-3.2.1.tgz",
      "integrity": "sha512-+/we/ZX/vy95Vxk1/36KQnfaGAT39SDFua9pdqPxcJQ8G21eZoaMdQDP3V0Nhcuv9WV5ZQIc+udN4eMmNOVMXw==",
      "requires": {
        "protvista-track": "^3.2.1",
        "uuid": "^8.3.1"
      }
    },
    "protvista-track": {
      "version": "3.2.1",
      "resolved": "https://registry.npmjs.org/protvista-track/-/protvista-track-3.2.1.tgz",
      "integrity": "sha512-jlaZ3X3dqAn+WqDn3hWIhQYihQGhFEDpYMlyjnyeb2K9k7hUhtXmhDJzexEtOVyJkEEQyrMfTbpJuTkcg7BImA==",
      "requires": {
        "lodash-es": "^4.17.11",
        "protvista-zoomable": "^3.0.0"
      }
    },
    "protvista-utils": {
      "version": "3.0.0",
      "resolved": "https://registry.npmjs.org/protvista-utils/-/protvista-utils-3.0.0.tgz",
      "integrity": "sha512-aFrOnFuSxyV9G5Gg6riTOtVVcIPMMI24d0Um1lMdOIx2WaLhFw3CCzY2ZG9P/kwxn4ejM+eDJrf4RN4ut6Kwcw=="
    },
    "protvista-zoomable": {
      "version": "3.0.0",
      "resolved": "https://registry.npmjs.org/protvista-zoomable/-/protvista-zoomable-3.0.0.tgz",
      "integrity": "sha512-fW8n0+oHRFIo4cmrd6FZwF6r9TifcnU7D72KNDHT+IxlR+X44eHQQp8h7/tNxXg94Js2GhVR2MO3Azu45u2U0g==",
      "requires": {
        "lodash-es": "^4.17.11",
        "protvista-utils": "^3.0.0",
        "resize-observer-polyfill": "^1.5.0"
      }
    },
    "resize-observer-polyfill": {
      "version": "1.5.1",
      "resolved": "https://registry.npmjs.org/resize-observer-polyfill/-/resize-observer-polyfill-1.5.1.tgz",
      "integrity": "sha512-LwZrotdHOo12nQuZlHEmtuXdqGoOD0OhaxopaNFxWzInpEgaLWoVuAMbTzixuosCx2nEG58ngzW3vxdWoxIgdg=="
    },
    "uuid": {
      "version": "8.3.2",
      "resolved": "https://registry.npmjs.org/uuid/-/uuid-8.3.2.tgz",
      "integrity": "sha512-+NYs2QeMWy+GWFOEm9xnn6HCDp0l7QBD7ml8zLUmJ+93Q5NF0NocErnwkTkXVFNiX3/fpC6afS8Dhb/gz7R7eg=="
    }
  }
}
